
Microsoft Visual Studio Solution File, Format Version 12.00
# Visual Studio Version 17
VisualStudioVersion = 17.6.33815.320
MinimumVisualStudioVersion = 10.0.40219.1
Project("{FAE04EC0-301F-11D3-BF4B-00C04F79EFBC}") = "heic_to_jpeg", "heic_to_jpeg\heic_to_jpeg.csproj", "{7D8B787C-2FDF-45C4-A113-B52844D63F56}"
EndProject
Project("{FAE04EC0-301F-11D3-BF4B-00C04F79EFBC}") = "hevc_to_mov", "hevc_to_mov\hevc_to_mov.csproj", "{FF4B8895-C909-4450-908D-F0362B34B015}"
EndProject
Global
	GlobalSection(SolutionConfigurationPlatforms) = preSolution
		Debug|Any CPU = Debug|Any CPU
		Release|Any CPU = Release|Any CPU
	EndGlobalSection
	GlobalSection(ProjectConfigurationPlatforms) = postSolution
		{7D8B787C-2FDF-45C4-A113-B52844D63F56}.Debug|Any CPU.ActiveCfg = Debug|Any CPU
		{7D8B787C-2FDF-45C4-A113-B52844D63F56}.Debug|Any CPU.Build.0 = Debug|Any CPU
		{7D8B787C-2FDF-45C4-A113-B52844D63F56}.Release|Any CPU.ActiveCfg = Release|Any CPU
		{7D8B787C-2FDF-45C4-A113-B52844D63F56}.Release|Any CPU.Build.0 = Release|Any CPU
		{FF4B8895-C909-4450-908D-F0362B34B015}.Debug|Any CPU.ActiveCfg = Debug|Any CPU
		{FF4B8895-C909-4450-908D-F0362B34B015}.Debug|Any CPU.Build.0 = Debug|Any CPU
		{FF4B8895-C909-4450-908D-F0362B34B015}.Release|Any CPU.ActiveCfg = Release|Any CPU
		{FF4B8895-C909-4450-908D-F0362B34B015}.Release|Any CPU.Build.0 = Release|Any CPU
	EndGlobalSection
	GlobalSection(SolutionProperties) = preSolution
		HideSolutionNode = FALSE
	EndGlobalSection
	GlobalSection(ExtensibilityGlobals) = postSolution
		SolutionGuid = {968AEFE5-408A-4E8C-B59F-749111861D27}
	EndGlobalSection
EndGlobal
